// !$*UTF8*$!
{
	archiveVersion = 1;
	classes = {
	};
	objectVersion = 51;
	objects = {

/* Begin PBXBuildFile section */
		0601E3F8C46CA6A34C4E9020 /* Pods_Tabata.framework in Frameworks */ = {isa = PBXBuildFile; fileRef = F1514C0632B53602D2DBAE0E /* Pods_Tabata.framework */; };
		32BE15DD25DF8E6800E945CE /* AppDelegate.swift in Sources */ = {isa = PBXBuildFile; fileRef = 32BE15DC25DF8E6800E945CE /* AppDelegate.swift */; };
		32BE15DF25DF8E6800E945CE /* SceneDelegate.swift in Sources */ = {isa = PBXBuildFile; fileRef = 32BE15DE25DF8E6800E945CE /* SceneDelegate.swift */; };
		32BE15E125DF8E6800E945CE /* ViewController.swift in Sources */ = {isa = PBXBuildFile; fileRef = 32BE15E025DF8E6800E945CE /* ViewController.swift */; };
		32BE15E425DF8E6800E945CE /* Main.storyboard in Resources */ = {isa = PBXBuildFile; fileRef = 32BE15E225DF8E6800E945CE /* Main.storyboard */; };
		32BE15E625DF8E6B00E945CE /* Assets.xcassets in Resources */ = {isa = PBXBuildFile; fileRef = 32BE15E525DF8E6B00E945CE /* Assets.xcassets */; };
		32BE15E925DF8E6B00E945CE /* LaunchScreen.storyboard in Resources */ = {isa = PBXBuildFile; fileRef = 32BE15E725DF8E6B00E945CE /* LaunchScreen.storyboard */; };
		32BE15F925DF95FB00E945CE /* TabataTimerSetViewController.swift in Sources */ = {isa = PBXBuildFile; fileRef = 32BE15F825DF95FB00E945CE /* TabataTimerSetViewController.swift */; };
		32BE15FC25DF960F00E945CE /* TabataTimerViewController.swift in Sources */ = {isa = PBXBuildFile; fileRef = 32BE15FB25DF960F00E945CE /* TabataTimerViewController.swift */; };
		32BE15FF25DF962900E945CE /* TabataAddNoteViewController.swift in Sources */ = {isa = PBXBuildFile; fileRef = 32BE15FE25DF962900E945CE /* TabataAddNoteViewController.swift */; };
		32C1C2A525E5F87E008A4FB9 /* DBHelper.swift in Sources */ = {isa = PBXBuildFile; fileRef = 32C1C2A325E5F87E008A4FB9 /* DBHelper.swift */; };
		32C1C2A625E5F87E008A4FB9 /* workoutLog.swift in Sources */ = {isa = PBXBuildFile; fileRef = 32C1C2A425E5F87E008A4FB9 /* workoutLog.swift */; };
		3D282EB825E1200600E9E4C7 /* smile.png in Resources */ = {isa = PBXBuildFile; fileRef = 3D282EB725E1200600E9E4C7 /* smile.png */; };
		3D33132925E36785002BCDE8 /* TabataProgressBar.swift in Sources */ = {isa = PBXBuildFile; fileRef = 3D33132825E36785002BCDE8 /* TabataProgressBar.swift */; };
		3DB9F0E025E4D376007B3348 /* 제목-없음-2111.png in Resources */ = {isa = PBXBuildFile; fileRef = 3DB9F0DF25E4D376007B3348 /* 제목-없음-2111.png */; };
/* End PBXBuildFile section */

/* Begin PBXFileReference section */
		0AE17A793407145A6AB36DA6 /* Pods-Tabata.release.xcconfig */ = {isa = PBXFileReference; includeInIndex = 1; lastKnownFileType = text.xcconfig; name = "Pods-Tabata.release.xcconfig"; path = "Target Support Files/Pods-Tabata/Pods-Tabata.release.xcconfig"; sourceTree = "<group>"; };
		32BE15D925DF8E6800E945CE /* Tabata.app */ = {isa = PBXFileReference; explicitFileType = wrapper.application; includeInIndex = 0; path = Tabata.app; sourceTree = BUILT_PRODUCTS_DIR; };
		32BE15DC25DF8E6800E945CE /* AppDelegate.swift */ = {isa = PBXFileReference; lastKnownFileType = sourcecode.swift; path = AppDelegate.swift; sourceTree = "<group>"; };
		32BE15DE25DF8E6800E945CE /* SceneDelegate.swift */ = {isa = PBXFileReference; lastKnownFileType = sourcecode.swift; path = SceneDelegate.swift; sourceTree = "<group>"; };
		32BE15E025DF8E6800E945CE /* ViewController.swift */ = {isa = PBXFileReference; lastKnownFileType = sourcecode.swift; path = ViewController.swift; sourceTree = "<group>"; };
		32BE15E325DF8E6800E945CE /* Base */ = {isa = PBXFileReference; lastKnownFileType = file.storyboard; name = Base; path = Base.lproj/Main.storyboard; sourceTree = "<group>"; };
		32BE15E525DF8E6B00E945CE /* Assets.xcassets */ = {isa = PBXFileReference; lastKnownFileType = folder.assetcatalog; path = Assets.xcassets; sourceTree = "<group>"; };
		32BE15E825DF8E6B00E945CE /* Base */ = {isa = PBXFileReference; lastKnownFileType = file.storyboard; name = Base; path = Base.lproj/LaunchScreen.storyboard; sourceTree = "<group>"; };
		32BE15EA25DF8E6B00E945CE /* Info.plist */ = {isa = PBXFileReference; lastKnownFileType = text.plist.xml; path = Info.plist; sourceTree = "<group>"; };
		32BE15F825DF95FB00E945CE /* TabataTimerSetViewController.swift */ = {isa = PBXFileReference; lastKnownFileType = sourcecode.swift; path = TabataTimerSetViewController.swift; sourceTree = "<group>"; };
		32BE15FB25DF960F00E945CE /* TabataTimerViewController.swift */ = {isa = PBXFileReference; lastKnownFileType = sourcecode.swift; path = TabataTimerViewController.swift; sourceTree = "<group>"; };
		32BE15FE25DF962900E945CE /* TabataAddNoteViewController.swift */ = {isa = PBXFileReference; lastKnownFileType = sourcecode.swift; path = TabataAddNoteViewController.swift; sourceTree = "<group>"; };
		32C1C2A325E5F87E008A4FB9 /* DBHelper.swift */ = {isa = PBXFileReference; fileEncoding = 4; lastKnownFileType = sourcecode.swift; path = DBHelper.swift; sourceTree = "<group>"; };
		32C1C2A425E5F87E008A4FB9 /* workoutLog.swift */ = {isa = PBXFileReference; fileEncoding = 4; lastKnownFileType = sourcecode.swift; path = workoutLog.swift; sourceTree = "<group>"; };
		3D282EB725E1200600E9E4C7 /* smile.png */ = {isa = PBXFileReference; lastKnownFileType = image.png; path = smile.png; sourceTree = "<group>"; };
		3D33132825E36785002BCDE8 /* TabataProgressBar.swift */ = {isa = PBXFileReference; lastKnownFileType = sourcecode.swift; path = TabataProgressBar.swift; sourceTree = "<group>"; };
		3DB9F0DF25E4D376007B3348 /* 제목-없음-2111.png */ = {isa = PBXFileReference; lastKnownFileType = image.png; path = "제목-없음-2111.png"; sourceTree = "<group>"; };
		C581719ACCE0BE65726BA67F /* Pods-Tabata.debug.xcconfig */ = {isa = PBXFileReference; includeInIndex = 1; lastKnownFileType = text.xcconfig; name = "Pods-Tabata.debug.xcconfig"; path = "Target Support Files/Pods-Tabata/Pods-Tabata.debug.xcconfig"; sourceTree = "<group>"; };
		F1514C0632B53602D2DBAE0E /* Pods_Tabata.framework */ = {isa = PBXFileReference; explicitFileType = wrapper.framework; includeInIndex = 0; path = Pods_Tabata.framework; sourceTree = BUILT_PRODUCTS_DIR; };
/* End PBXFileReference section */

/* Begin PBXFrameworksBuildPhase section */
		32BE15D625DF8E6800E945CE /* Frameworks */ = {
			isa = PBXFrameworksBuildPhase;
			buildActionMask = 2147483647;
			files = (
				0601E3F8C46CA6A34C4E9020 /* Pods_Tabata.framework in Frameworks */,
			);
			runOnlyForDeploymentPostprocessing = 0;
		};
/* End PBXFrameworksBuildPhase section */

/* Begin PBXGroup section */
		06F7EBB98DC3DE5F2E0B46B9 /* Frameworks */ = {
			isa = PBXGroup;
			children = (
				F1514C0632B53602D2DBAE0E /* Pods_Tabata.framework */,
			);
			name = Frameworks;
			sourceTree = "<group>";
		};
		32BE15D025DF8E6800E945CE = {
			isa = PBXGroup;
			children = (
				32BE15DB25DF8E6800E945CE /* Tabata */,
				32BE15DA25DF8E6800E945CE /* Products */,
				3A7D891AD59D8F3014533076 /* Pods */,
				06F7EBB98DC3DE5F2E0B46B9 /* Frameworks */,
			);
			sourceTree = "<group>";
		};
		32BE15DA25DF8E6800E945CE /* Products */ = {
			isa = PBXGroup;
			children = (
				32BE15D925DF8E6800E945CE /* Tabata.app */,
			);
			name = Products;
			sourceTree = "<group>";
		};
		32BE15DB25DF8E6800E945CE /* Tabata */ = {
			isa = PBXGroup;
			children = (
				32C1C2A325E5F87E008A4FB9 /* DBHelper.swift */,
				32C1C2A425E5F87E008A4FB9 /* workoutLog.swift */,
				3DB9F0DF25E4D376007B3348 /* 제목-없음-2111.png */,
				3D282EB725E1200600E9E4C7 /* smile.png */,
				32BE15DC25DF8E6800E945CE /* AppDelegate.swift */,
				32BE15DE25DF8E6800E945CE /* SceneDelegate.swift */,
				32BE15E025DF8E6800E945CE /* ViewController.swift */,
				32BE15E225DF8E6800E945CE /* Main.storyboard */,
				32BE15E525DF8E6B00E945CE /* Assets.xcassets */,
				32BE15E725DF8E6B00E945CE /* LaunchScreen.storyboard */,
				32BE15EA25DF8E6B00E945CE /* Info.plist */,
				32BE15F825DF95FB00E945CE /* TabataTimerSetViewController.swift */,
				32BE15FB25DF960F00E945CE /* TabataTimerViewController.swift */,
				32BE15FE25DF962900E945CE /* TabataAddNoteViewController.swift */,
				3D33132825E36785002BCDE8 /* TabataProgressBar.swift */,
			);
			path = Tabata;
			sourceTree = "<group>";
		};
		3A7D891AD59D8F3014533076 /* Pods */ = {
			isa = PBXGroup;
			children = (
				C581719ACCE0BE65726BA67F /* Pods-Tabata.debug.xcconfig */,
				0AE17A793407145A6AB36DA6 /* Pods-Tabata.release.xcconfig */,
			);
			path = Pods;
			sourceTree = "<group>";
		};
/* End PBXGroup section */

/* Begin PBXNativeTarget section */
		32BE15D825DF8E6800E945CE /* Tabata */ = {
			isa = PBXNativeTarget;
			buildConfigurationList = 32BE15ED25DF8E6B00E945CE /* Build configuration list for PBXNativeTarget "Tabata" */;
			buildPhases = (
				238EA5B97B928C8FD848595C /* [CP] Check Pods Manifest.lock */,
				32BE15D525DF8E6800E945CE /* Sources */,
				32BE15D625DF8E6800E945CE /* Frameworks */,
				32BE15D725DF8E6800E945CE /* Resources */,
				953B2652275EFBBB57EEFB74 /* [CP] Embed Pods Frameworks */,
			);
			buildRules = (
			);
			dependencies = (
			);
			name = Tabata;
			productName = Tabata;
			productReference = 32BE15D925DF8E6800E945CE /* Tabata.app */;
			productType = "com.apple.product-type.application";
		};
/* End PBXNativeTarget section */

/* Begin PBXProject section */
		32BE15D125DF8E6800E945CE /* Project object */ = {
			isa = PBXProject;
			attributes = {
				LastSwiftUpdateCheck = 1240;
				LastUpgradeCheck = 1240;
				TargetAttributes = {
					32BE15D825DF8E6800E945CE = {
						CreatedOnToolsVersion = 12.4;
					};
				};
			};
			buildConfigurationList = 32BE15D425DF8E6800E945CE /* Build configuration list for PBXProject "Tabata" */;
			compatibilityVersion = "Xcode 9.3";
			developmentRegion = en;
			hasScannedForEncodings = 0;
			knownRegions = (
				en,
				Base,
			);
			mainGroup = 32BE15D025DF8E6800E945CE;
			productRefGroup = 32BE15DA25DF8E6800E945CE /* Products */;
			projectDirPath = "";
			projectRoot = "";
			targets = (
				32BE15D825DF8E6800E945CE /* Tabata */,
			);
		};
/* End PBXProject section */

/* Begin PBXResourcesBuildPhase section */
		32BE15D725DF8E6800E945CE /* Resources */ = {
			isa = PBXResourcesBuildPhase;
			buildActionMask = 2147483647;
			files = (
				32BE15E925DF8E6B00E945CE /* LaunchScreen.storyboard in Resources */,
				32BE15E625DF8E6B00E945CE /* Assets.xcassets in Resources */,
				3D282EB825E1200600E9E4C7 /* smile.png in Resources */,
				32BE15E425DF8E6800E945CE /* Main.storyboard in Resources */,
				3DB9F0E025E4D376007B3348 /* 제목-없음-2111.png in Resources */,
			);
			runOnlyForDeploymentPostprocessing = 0;
		};
/* End PBXResourcesBuildPhase section */

/* Begin PBXShellScriptBuildPhase section */
		238EA5B97B928C8FD848595C /* [CP] Check Pods Manifest.lock */ = {
			isa = PBXShellScriptBuildPhase;
			buildActionMask = 2147483647;
			files = (
			);
			inputFileListPaths = (
			);
			inputPaths = (
				"${PODS_PODFILE_DIR_PATH}/Podfile.lock",
				"${PODS_ROOT}/Manifest.lock",
			);
			name = "[CP] Check Pods Manifest.lock";
			outputFileListPaths = (
			);
			outputPaths = (
				"$(DERIVED_FILE_DIR)/Pods-Tabata-checkManifestLockResult.txt",
			);
			runOnlyForDeploymentPostprocessing = 0;
			shellPath = /bin/sh;
			shellScript = "diff \"${PODS_PODFILE_DIR_PATH}/Podfile.lock\" \"${PODS_ROOT}/Manifest.lock\" > /dev/null\nif [ $? != 0 ] ; then\n    # print error to STDERR\n    echo \"error: The sandbox is not in sync with the Podfile.lock. Run 'pod install' or update your CocoaPods installation.\" >&2\n    exit 1\nfi\n# This output is used by Xcode 'outputs' to avoid re-running this script phase.\necho \"SUCCESS\" > \"${SCRIPT_OUTPUT_FILE_0}\"\n";
			showEnvVarsInLog = 0;
		};
		953B2652275EFBBB57EEFB74 /* [CP] Embed Pods Frameworks */ = {
			isa = PBXShellScriptBuildPhase;
			buildActionMask = 2147483647;
			files = (
			);
			inputFileListPaths = (
				"${PODS_ROOT}/Target Support Files/Pods-Tabata/Pods-Tabata-frameworks-${CONFIGURATION}-input-files.xcfilelist",
			);
			name = "[CP] Embed Pods Frameworks";
			outputFileListPaths = (
				"${PODS_ROOT}/Target Support Files/Pods-Tabata/Pods-Tabata-frameworks-${CONFIGURATION}-output-files.xcfilelist",
			);
			runOnlyForDeploymentPostprocessing = 0;
			shellPath = /bin/sh;
			shellScript = "\"${PODS_ROOT}/Target Support Files/Pods-Tabata/Pods-Tabata-frameworks.sh\"\n";
			showEnvVarsInLog = 0;
		};
/* End PBXShellScriptBuildPhase section */

/* Begin PBXSourcesBuildPhase section */
		32BE15D525DF8E6800E945CE /* Sources */ = {
			isa = PBXSourcesBuildPhase;
			buildActionMask = 2147483647;
			files = (
				32C1C2A625E5F87E008A4FB9 /* workoutLog.swift in Sources */,
				32BE15E125DF8E6800E945CE /* ViewController.swift in Sources */,
				32BE15FF25DF962900E945CE /* TabataAddNoteViewController.swift in Sources */,
				3D33132925E36785002BCDE8 /* TabataProgressBar.swift in Sources */,
				32BE15DD25DF8E6800E945CE /* AppDelegate.swift in Sources */,
				32BE15F925DF95FB00E945CE /* TabataTimerSetViewController.swift in Sources */,
				32BE15FC25DF960F00E945CE /* TabataTimerViewController.swift in Sources */,
				32BE15DF25DF8E6800E945CE /* SceneDelegate.swift in Sources */,
				32C1C2A525E5F87E008A4FB9 /* DBHelper.swift in Sources */,
			);
			runOnlyForDeploymentPostprocessing = 0;
		};
/* End PBXSourcesBuildPhase section */

/* Begin PBXVariantGroup section */
		32BE15E225DF8E6800E945CE /* Main.storyboard */ = {
			isa = PBXVariantGroup;
			children = (
				32BE15E325DF8E6800E945CE /* Base */,
			);
			name = Main.storyboard;
			sourceTree = "<group>";
		};
		32BE15E725DF8E6B00E945CE /* LaunchScreen.storyboard */ = {
			isa = PBXVariantGroup;
			children = (
				32BE15E825DF8E6B00E945CE /* Base */,
			);
			name = LaunchScreen.storyboard;
			sourceTree = "<group>";
		};
/* End PBXVariantGroup section */

/* Begin XCBuildConfiguration section */
		32BE15EB25DF8E6B00E945CE /* Debug */ = {
			isa = XCBuildConfiguration;
			buildSettings = {
				ALWAYS_SEARCH_USER_PATHS = NO;
				CLANG_ANALYZER_NONNULL = YES;
				CLANG_ANALYZER_NUMBER_OBJECT_CONVERSION = YES_AGGRESSIVE;
				CLANG_CXX_LANGUAGE_STANDARD = "gnu++14";
				CLANG_CXX_LIBRARY = "libc++";
				CLANG_ENABLE_MODULES = YES;
				CLANG_ENABLE_OBJC_ARC = YES;
				CLANG_ENABLE_OBJC_WEAK = YES;
				CLANG_WARN_BLOCK_CAPTURE_AUTORELEASING = YES;
				CLANG_WARN_BOOL_CONVERSION = YES;
				CLANG_WARN_COMMA = YES;
				CLANG_WARN_CONSTANT_CONVERSION = YES;
				CLANG_WARN_DEPRECATED_OBJC_IMPLEMENTATIONS = YES;
				CLANG_WARN_DIRECT_OBJC_ISA_USAGE = YES_ERROR;
				CLANG_WARN_DOCUMENTATION_COMMENTS = YES;
				CLANG_WARN_EMPTY_BODY = YES;
				CLANG_WARN_ENUM_CONVERSION = YES;
				CLANG_WARN_INFINITE_RECURSION = YES;
				CLANG_WARN_INT_CONVERSION = YES;
				CLANG_WARN_NON_LITERAL_NULL_CONVERSION = YES;
				CLANG_WARN_OBJC_IMPLICIT_RETAIN_SELF = YES;
				CLANG_WARN_OBJC_LITERAL_CONVERSION = YES;
				CLANG_WARN_OBJC_ROOT_CLASS = YES_ERROR;
				CLANG_WARN_QUOTED_INCLUDE_IN_FRAMEWORK_HEADER = YES;
				CLANG_WARN_RANGE_LOOP_ANALYSIS = YES;
				CLANG_WARN_STRICT_PROTOTYPES = YES;
				CLANG_WARN_SUSPICIOUS_MOVE = YES;
				CLANG_WARN_UNGUARDED_AVAILABILITY = YES_AGGRESSIVE;
				CLANG_WARN_UNREACHABLE_CODE = YES;
				CLANG_WARN__DUPLICATE_METHOD_MATCH = YES;
				COPY_PHASE_STRIP = NO;
				DEBUG_INFORMATION_FORMAT = dwarf;
				ENABLE_STRICT_OBJC_MSGSEND = YES;
				ENABLE_TESTABILITY = YES;
				GCC_C_LANGUAGE_STANDARD = gnu11;
				GCC_DYNAMIC_NO_PIC = NO;
				GCC_NO_COMMON_BLOCKS = YES;
				GCC_OPTIMIZATION_LEVEL = 0;
				GCC_PREPROCESSOR_DEFINITIONS = (
					"DEBUG=1",
					"$(inherited)",
				);
				GCC_WARN_64_TO_32_BIT_CONVERSION = YES;
				GCC_WARN_ABOUT_RETURN_TYPE = YES_ERROR;
				GCC_WARN_UNDECLARED_SELECTOR = YES;
				GCC_WARN_UNINITIALIZED_AUTOS = YES_AGGRESSIVE;
				GCC_WARN_UNUSED_FUNCTION = YES;
				GCC_WARN_UNUSED_VARIABLE = YES;
				IPHONEOS_DEPLOYMENT_TARGET = 14.4;
				MTL_ENABLE_DEBUG_INFO = INCLUDE_SOURCE;
				MTL_FAST_MATH = YES;
				ONLY_ACTIVE_ARCH = YES;
				SDKROOT = iphoneos;
				SWIFT_ACTIVE_COMPILATION_CONDITIONS = DEBUG;
				SWIFT_OPTIMIZATION_LEVEL = "-Onone";
			};
			name = Debug;
		};
		32BE15EC25DF8E6B00E945CE /* Release */ = {
			isa = XCBuildConfiguration;
			buildSettings = {
				ALWAYS_SEARCH_USER_PATHS = NO;
				CLANG_ANALYZER_NONNULL = YES;
				CLANG_ANALYZER_NUMBER_OBJECT_CONVERSION = YES_AGGRESSIVE;
				CLANG_CXX_LANGUAGE_STANDARD = "gnu++14";
				CLANG_CXX_LIBRARY = "libc++";
				CLANG_ENABLE_MODULES = YES;
				CLANG_ENABLE_OBJC_ARC = YES;
				CLANG_ENABLE_OBJC_WEAK = YES;
				CLANG_WARN_BLOCK_CAPTURE_AUTORELEASING = YES;
				CLANG_WARN_BOOL_CONVERSION = YES;
				CLANG_WARN_COMMA = YES;
				CLANG_WARN_CONSTANT_CONVERSION = YES;
				CLANG_WARN_DEPRECATED_OBJC_IMPLEMENTATIONS = YES;
				CLANG_WARN_DIRECT_OBJC_ISA_USAGE = YES_ERROR;
				CLANG_WARN_DOCUMENTATION_COMMENTS = YES;
				CLANG_WARN_EMPTY_BODY = YES;
				CLANG_WARN_ENUM_CONVERSION = YES;
				CLANG_WARN_INFINITE_RECURSION = YES;
				CLANG_WARN_INT_CONVERSION = YES;
				CLANG_WARN_NON_LITERAL_NULL_CONVERSION = YES;
				CLANG_WARN_OBJC_IMPLICIT_RETAIN_SELF = YES;
				CLANG_WARN_OBJC_LITERAL_CONVERSION = YES;
				CLANG_WARN_OBJC_ROOT_CLASS = YES_ERROR;
				CLANG_WARN_QUOTED_INCLUDE_IN_FRAMEWORK_HEADER = YES;
				CLANG_WARN_RANGE_LOOP_ANALYSIS = YES;
				CLANG_WARN_STRICT_PROTOTYPES = YES;
				CLANG_WARN_SUSPICIOUS_MOVE = YES;
				CLANG_WARN_UNGUARDED_AVAILABILITY = YES_AGGRESSIVE;
				CLANG_WARN_UNREACHABLE_CODE = YES;
				CLANG_WARN__DUPLICATE_METHOD_MATCH = YES;
				COPY_PHASE_STRIP = NO;
				DEBUG_INFORMATION_FORMAT = "dwarf-with-dsym";
				ENABLE_NS_ASSERTIONS = NO;
				ENABLE_STRICT_OBJC_MSGSEND = YES;
				GCC_C_LANGUAGE_STANDARD = gnu11;
				GCC_NO_COMMON_BLOCKS = YES;
				GCC_WARN_64_TO_32_BIT_CONVERSION = YES;
				GCC_WARN_ABOUT_RETURN_TYPE = YES_ERROR;
				GCC_WARN_UNDECLARED_SELECTOR = YES;
				GCC_WARN_UNINITIALIZED_AUTOS = YES_AGGRESSIVE;
				GCC_WARN_UNUSED_FUNCTION = YES;
				GCC_WARN_UNUSED_VARIABLE = YES;
				IPHONEOS_DEPLOYMENT_TARGET = 14.4;
				MTL_ENABLE_DEBUG_INFO = NO;
				MTL_FAST_MATH = YES;
				SDKROOT = iphoneos;
				SWIFT_COMPILATION_MODE = wholemodule;
				SWIFT_OPTIMIZATION_LEVEL = "-O";
				VALIDATE_PRODUCT = YES;
			};
			name = Release;
		};
		32BE15EE25DF8E6B00E945CE /* Debug */ = {
			isa = XCBuildConfiguration;
			baseConfigurationReference = C581719ACCE0BE65726BA67F /* Pods-Tabata.debug.xcconfig */;
			buildSettings = {
				ASSETCATALOG_COMPILER_APPICON_NAME = AppIcon;
				ASSETCATALOG_COMPILER_GLOBAL_ACCENT_COLOR_NAME = AccentColor;
				CODE_SIGN_STYLE = Automatic;
				INFOPLIST_FILE = Tabata/Info.plist;
				LD_RUNPATH_SEARCH_PATHS = (
					"$(inherited)",
					"@executable_path/Frameworks",
				);
				PRODUCT_BUNDLE_IDENTIFIER = com.onemore.Tabata;
				PRODUCT_NAME = "$(TARGET_NAME)";
				SWIFT_VERSION = 5.0;
				TARGETED_DEVICE_FAMILY = "1,2";
			};
			name = Debug;
		};
		32BE15EF25DF8E6B00E945CE /* Release */ = {
			isa = XCBuildConfiguration;
			baseConfigurationReference = 0AE17A793407145A6AB36DA6 /* Pods-Tabata.release.xcconfig */;
			buildSettings = {
				ASSETCATALOG_COMPILER_APPICON_NAME = AppIcon;
				ASSETCATALOG_COMPILER_GLOBAL_ACCENT_COLOR_NAME = AccentColor;
				CODE_SIGN_STYLE = Automatic;
				INFOPLIST_FILE = Tabata/Info.plist;
				LD_RUNPATH_SEARCH_PATHS = (
					"$(inherited)",
					"@executable_path/Frameworks",
				);
				PRODUCT_BUNDLE_IDENTIFIER = com.onemore.Tabata;
				PRODUCT_NAME = "$(TARGET_NAME)";
				SWIFT_VERSION = 5.0;
				TARGETED_DEVICE_FAMILY = "1,2";
			};
			name = Release;
		};
/* End XCBuildConfiguration section */

/* Begin XCConfigurationList section */
		32BE15D425DF8E6800E945CE /* Build configuration list for PBXProject "Tabata" */ = {
			isa = XCConfigurationList;
			buildConfigurations = (
				32BE15EB25DF8E6B00E945CE /* Debug */,
				32BE15EC25DF8E6B00E945CE /* Release */,
			);
			defaultConfigurationIsVisible = 0;
			defaultConfigurationName = Release;
		};
		32BE15ED25DF8E6B00E945CE /* Build configuration list for PBXNativeTarget "Tabata" */ = {
			isa = XCConfigurationList;
			buildConfigurations = (
				32BE15EE25DF8E6B00E945CE /* Debug */,
				32BE15EF25DF8E6B00E945CE /* Release */,
			);
			defaultConfigurationIsVisible = 0;
			defaultConfigurationName = Release;
		};
/* End XCConfigurationList section */
	};
	rootObject = 32BE15D125DF8E6800E945CE /* Project object */;
}
